
Microsoft Visual Studio Solution File, Format Version 12.00
# Visual Studio Version 16
VisualStudioVersion = 16.0.30503.244
MinimumVisualStudioVersion = 10.0.40219.1
Project("{FAE04EC0-301F-11D3-BF4B-00C04F79EFBC}") = "Lab1", "Lab1\Lab1.csproj", "{E679AFDE-E4FE-49D1-88FF-CD61EC63A7D4}"
EndProject
Global
	GlobalSection(SolutionConfigurationPlatforms) = preSolution
		Debug|Any CPU = Debug|Any CPU
		Release|Any CPU = Release|Any CPU
	EndGlobalSection
	GlobalSection(ProjectConfigurationPlatforms) = postSolution
		{E679AFDE-E4FE-49D1-88FF-CD61EC63A7D4}.Debug|Any CPU.ActiveCfg = Debug|Any CPU
		{E679AFDE-E4FE-49D1-88FF-CD61EC63A7D4}.Debug|Any CPU.Build.0 = Debug|Any CPU
		{E679AFDE-E4FE-49D1-88FF-CD61EC63A7D4}.Release|Any CPU.ActiveCfg = Release|Any CPU
		{E679AFDE-E4FE-49D1-88FF-CD61EC63A7D4}.Release|Any CPU.Build.0 = Release|Any CPU
	EndGlobalSection
	GlobalSection(SolutionProperties) = preSolution
		HideSolutionNode = FALSE
	EndGlobalSection
	GlobalSection(ExtensibilityGlobals) = postSolution
		SolutionGuid = {5F33B84D-39DB-4E38-947E-BC877C5A10CC}
	EndGlobalSection
EndGlobal
